// !$*UTF8*$!
{
	archiveVersion = 1;
	classes = {
	};
	objectVersion = 50;
	objects = {

/* Begin PBXBuildFile section */
		10952805A85307E5599FD5DB /* Pods_18th_Appjam.framework in Frameworks */ = {isa = PBXBuildFile; fileRef = C7831188770EBDF9CB74963B /* Pods_18th_Appjam.framework */; };
		4B4157FF1F72767C0E66E447 /* Pods_18th_AppjamUITests.framework in Frameworks */ = {isa = PBXBuildFile; fileRef = A48B181111D19023C177BE1C /* Pods_18th_AppjamUITests.framework */; };
		8653BF2992A10131B8B53069 /* Pods_18th_AppjamTests.framework in Frameworks */ = {isa = PBXBuildFile; fileRef = A9968507D2DD5E06D2EFFF38 /* Pods_18th_AppjamTests.framework */; };
		BE823D6F226B6AB500DF9D1B /* AccountTable.swift in Sources */ = {isa = PBXBuildFile; fileRef = BE823D6E226B6AB500DF9D1B /* AccountTable.swift */; };
		BE9F549C226B2290008EC417 /* AppDelegate.swift in Sources */ = {isa = PBXBuildFile; fileRef = BE9F549B226B2290008EC417 /* AppDelegate.swift */; };
		BE9F549E226B2290008EC417 /* LoginViewController.swift in Sources */ = {isa = PBXBuildFile; fileRef = BE9F549D226B2290008EC417 /* LoginViewController.swift */; };
		BE9F54A1226B2290008EC417 /* Main.storyboard in Resources */ = {isa = PBXBuildFile; fileRef = BE9F549F226B2290008EC417 /* Main.storyboard */; };
		BE9F54A4226B2290008EC417 /* _8th_Appjam.xcdatamodeld in Sources */ = {isa = PBXBuildFile; fileRef = BE9F54A2226B2290008EC417 /* _8th_Appjam.xcdatamodeld */; };
		BE9F54A6226B2293008EC417 /* Assets.xcassets in Resources */ = {isa = PBXBuildFile; fileRef = BE9F54A5226B2293008EC417 /* Assets.xcassets */; };
		BE9F54A9226B2293008EC417 /* LaunchScreen.storyboard in Resources */ = {isa = PBXBuildFile; fileRef = BE9F54A7226B2293008EC417 /* LaunchScreen.storyboard */; };
		BE9F54B4226B2293008EC417 /* _8th_AppjamTests.swift in Sources */ = {isa = PBXBuildFile; fileRef = BE9F54B3226B2293008EC417 /* _8th_AppjamTests.swift */; };
		BE9F54BF226B2293008EC417 /* _8th_AppjamUITests.swift in Sources */ = {isa = PBXBuildFile; fileRef = BE9F54BE226B2293008EC417 /* _8th_AppjamUITests.swift */; };
		BE9F54CD226B3BBF008EC417 /* RegisterViewController.swift in Sources */ = {isa = PBXBuildFile; fileRef = BE9F54CC226B3BBF008EC417 /* RegisterViewController.swift */; };
		BE9F54CF226B3C2D008EC417 /* WelcomeViewController.swift in Sources */ = {isa = PBXBuildFile; fileRef = BE9F54CE226B3C2D008EC417 /* WelcomeViewController.swift */; };
		BE9F54D1226B3CD8008EC417 /* CertifiedViewController.swift in Sources */ = {isa = PBXBuildFile; fileRef = BE9F54D0226B3CD8008EC417 /* CertifiedViewController.swift */; };
		BE9F54D3226B3DB4008EC417 /* InterestViewController.swift in Sources */ = {isa = PBXBuildFile; fileRef = BE9F54D2226B3DB4008EC417 /* InterestViewController.swift */; };
/* End PBXBuildFile section */

/* Begin PBXContainerItemProxy section */
		BE9F54B0226B2293008EC417 /* PBXContainerItemProxy */ = {
			isa = PBXContainerItemProxy;
			containerPortal = BE9F5490226B2290008EC417 /* Project object */;
			proxyType = 1;
			remoteGlobalIDString = BE9F5497226B2290008EC417;
			remoteInfo = 18th_Appjam;
		};
		BE9F54BB226B2293008EC417 /* PBXContainerItemProxy */ = {
			isa = PBXContainerItemProxy;
			containerPortal = BE9F5490226B2290008EC417 /* Project object */;
			proxyType = 1;
			remoteGlobalIDString = BE9F5497226B2290008EC417;
			remoteInfo = 18th_Appjam;
		};
/* End PBXContainerItemProxy section */

/* Begin PBXFileReference section */
		4C6F85B30A122626D2EE53C1 /* Pods-18th_AppjamTests.debug.xcconfig */ = {isa = PBXFileReference; includeInIndex = 1; lastKnownFileType = text.xcconfig; name = "Pods-18th_AppjamTests.debug.xcconfig"; path = "Pods/Target Support Files/Pods-18th_AppjamTests/Pods-18th_AppjamTests.debug.xcconfig"; sourceTree = "<group>"; };
		57D90F83E1CF01A1A1F7671C /* Pods-18th_AppjamTests.release.xcconfig */ = {isa = PBXFileReference; includeInIndex = 1; lastKnownFileType = text.xcconfig; name = "Pods-18th_AppjamTests.release.xcconfig"; path = "Pods/Target Support Files/Pods-18th_AppjamTests/Pods-18th_AppjamTests.release.xcconfig"; sourceTree = "<group>"; };
		648B149753D85DCEEA60B90D /* Pods-18th_AppjamUITests.release.xcconfig */ = {isa = PBXFileReference; includeInIndex = 1; lastKnownFileType = text.xcconfig; name = "Pods-18th_AppjamUITests.release.xcconfig"; path = "Pods/Target Support Files/Pods-18th_AppjamUITests/Pods-18th_AppjamUITests.release.xcconfig"; sourceTree = "<group>"; };
		A48B181111D19023C177BE1C /* Pods_18th_AppjamUITests.framework */ = {isa = PBXFileReference; explicitFileType = wrapper.framework; includeInIndex = 0; path = Pods_18th_AppjamUITests.framework; sourceTree = BUILT_PRODUCTS_DIR; };
		A9968507D2DD5E06D2EFFF38 /* Pods_18th_AppjamTests.framework */ = {isa = PBXFileReference; explicitFileType = wrapper.framework; includeInIndex = 0; path = Pods_18th_AppjamTests.framework; sourceTree = BUILT_PRODUCTS_DIR; };
		BE823D6E226B6AB500DF9D1B /* AccountTable.swift */ = {isa = PBXFileReference; lastKnownFileType = sourcecode.swift; path = AccountTable.swift; sourceTree = "<group>"; };
		BE9F5498226B2290008EC417 /* 18th_Appjam.app */ = {isa = PBXFileReference; explicitFileType = wrapper.application; includeInIndex = 0; path = 18th_Appjam.app; sourceTree = BUILT_PRODUCTS_DIR; };
		BE9F549B226B2290008EC417 /* AppDelegate.swift */ = {isa = PBXFileReference; lastKnownFileType = sourcecode.swift; path = AppDelegate.swift; sourceTree = "<group>"; };
		BE9F549D226B2290008EC417 /* LoginViewController.swift */ = {isa = PBXFileReference; lastKnownFileType = sourcecode.swift; path = LoginViewController.swift; sourceTree = "<group>"; };
		BE9F54A0226B2290008EC417 /* Base */ = {isa = PBXFileReference; lastKnownFileType = file.storyboard; name = Base; path = Base.lproj/Main.storyboard; sourceTree = "<group>"; };
		BE9F54A3226B2290008EC417 /* _8th_Appjam.xcdatamodel */ = {isa = PBXFileReference; lastKnownFileType = wrapper.xcdatamodel; path = _8th_Appjam.xcdatamodel; sourceTree = "<group>"; };
		BE9F54A5226B2293008EC417 /* Assets.xcassets */ = {isa = PBXFileReference; lastKnownFileType = folder.assetcatalog; path = Assets.xcassets; sourceTree = "<group>"; };
		BE9F54A8226B2293008EC417 /* Base */ = {isa = PBXFileReference; lastKnownFileType = file.storyboard; name = Base; path = Base.lproj/LaunchScreen.storyboard; sourceTree = "<group>"; };
		BE9F54AA226B2293008EC417 /* Info.plist */ = {isa = PBXFileReference; lastKnownFileType = text.plist.xml; path = Info.plist; sourceTree = "<group>"; };
		BE9F54AF226B2293008EC417 /* 18th_AppjamTests.xctest */ = {isa = PBXFileReference; explicitFileType = wrapper.cfbundle; includeInIndex = 0; path = 18th_AppjamTests.xctest; sourceTree = BUILT_PRODUCTS_DIR; };
		BE9F54B3226B2293008EC417 /* _8th_AppjamTests.swift */ = {isa = PBXFileReference; lastKnownFileType = sourcecode.swift; path = _8th_AppjamTests.swift; sourceTree = "<group>"; };
		BE9F54B5226B2293008EC417 /* Info.plist */ = {isa = PBXFileReference; lastKnownFileType = text.plist.xml; path = Info.plist; sourceTree = "<group>"; };
		BE9F54BA226B2293008EC417 /* 18th_AppjamUITests.xctest */ = {isa = PBXFileReference; explicitFileType = wrapper.cfbundle; includeInIndex = 0; path = 18th_AppjamUITests.xctest; sourceTree = BUILT_PRODUCTS_DIR; };
		BE9F54BE226B2293008EC417 /* _8th_AppjamUITests.swift */ = {isa = PBXFileReference; lastKnownFileType = sourcecode.swift; path = _8th_AppjamUITests.swift; sourceTree = "<group>"; };
		BE9F54C0226B2293008EC417 /* Info.plist */ = {isa = PBXFileReference; lastKnownFileType = text.plist.xml; path = Info.plist; sourceTree = "<group>"; };
		BE9F54CC226B3BBF008EC417 /* RegisterViewController.swift */ = {isa = PBXFileReference; lastKnownFileType = sourcecode.swift; path = RegisterViewController.swift; sourceTree = "<group>"; };
		BE9F54CE226B3C2D008EC417 /* WelcomeViewController.swift */ = {isa = PBXFileReference; lastKnownFileType = sourcecode.swift; path = WelcomeViewController.swift; sourceTree = "<group>"; };
		BE9F54D0226B3CD8008EC417 /* CertifiedViewController.swift */ = {isa = PBXFileReference; lastKnownFileType = sourcecode.swift; path = CertifiedViewController.swift; sourceTree = "<group>"; };
		BE9F54D2226B3DB4008EC417 /* InterestViewController.swift */ = {isa = PBXFileReference; lastKnownFileType = sourcecode.swift; path = InterestViewController.swift; sourceTree = "<group>"; };
		C7831188770EBDF9CB74963B /* Pods_18th_Appjam.framework */ = {isa = PBXFileReference; explicitFileType = wrapper.framework; includeInIndex = 0; path = Pods_18th_Appjam.framework; sourceTree = BUILT_PRODUCTS_DIR; };
		DE7EBA00AC961C8D2B6173A2 /* Pods-18th_Appjam.debug.xcconfig */ = {isa = PBXFileReference; includeInIndex = 1; lastKnownFileType = text.xcconfig; name = "Pods-18th_Appjam.debug.xcconfig"; path = "Pods/Target Support Files/Pods-18th_Appjam/Pods-18th_Appjam.debug.xcconfig"; sourceTree = "<group>"; };
		F48AC3A77217511D7908F90F /* Pods-18th_Appjam.release.xcconfig */ = {isa = PBXFileReference; includeInIndex = 1; lastKnownFileType = text.xcconfig; name = "Pods-18th_Appjam.release.xcconfig"; path = "Pods/Target Support Files/Pods-18th_Appjam/Pods-18th_Appjam.release.xcconfig"; sourceTree = "<group>"; };
		F86F5E4875A7C08D0DACE777 /* Pods-18th_AppjamUITests.debug.xcconfig */ = {isa = PBXFileReference; includeInIndex = 1; lastKnownFileType = text.xcconfig; name = "Pods-18th_AppjamUITests.debug.xcconfig"; path = "Pods/Target Support Files/Pods-18th_AppjamUITests/Pods-18th_AppjamUITests.debug.xcconfig"; sourceTree = "<group>"; };
/* End PBXFileReference section */

/* Begin PBXFrameworksBuildPhase section */
		BE9F5495226B2290008EC417 /* Frameworks */ = {
			isa = PBXFrameworksBuildPhase;
			buildActionMask = 2147483647;
			files = (
				10952805A85307E5599FD5DB /* Pods_18th_Appjam.framework in Frameworks */,
			);
			runOnlyForDeploymentPostprocessing = 0;
		};
		BE9F54AC226B2293008EC417 /* Frameworks */ = {
			isa = PBXFrameworksBuildPhase;
			buildActionMask = 2147483647;
			files = (
				8653BF2992A10131B8B53069 /* Pods_18th_AppjamTests.framework in Frameworks */,
			);
			runOnlyForDeploymentPostprocessing = 0;
		};
		BE9F54B7226B2293008EC417 /* Frameworks */ = {
			isa = PBXFrameworksBuildPhase;
			buildActionMask = 2147483647;
			files = (
				4B4157FF1F72767C0E66E447 /* Pods_18th_AppjamUITests.framework in Frameworks */,
			);
			runOnlyForDeploymentPostprocessing = 0;
		};
/* End PBXFrameworksBuildPhase section */

/* Begin PBXGroup section */
		05350813F6FBBA9679B5CEAF /* Frameworks */ = {
			isa = PBXGroup;
			children = (
				C7831188770EBDF9CB74963B /* Pods_18th_Appjam.framework */,
				A9968507D2DD5E06D2EFFF38 /* Pods_18th_AppjamTests.framework */,
				A48B181111D19023C177BE1C /* Pods_18th_AppjamUITests.framework */,
			);
			name = Frameworks;
			sourceTree = "<group>";
		};
		65AB7EAC70DBD460B449B1BB /* Pods */ = {
			isa = PBXGroup;
			children = (
				DE7EBA00AC961C8D2B6173A2 /* Pods-18th_Appjam.debug.xcconfig */,
				F48AC3A77217511D7908F90F /* Pods-18th_Appjam.release.xcconfig */,
				4C6F85B30A122626D2EE53C1 /* Pods-18th_AppjamTests.debug.xcconfig */,
				57D90F83E1CF01A1A1F7671C /* Pods-18th_AppjamTests.release.xcconfig */,
				F86F5E4875A7C08D0DACE777 /* Pods-18th_AppjamUITests.debug.xcconfig */,
				648B149753D85DCEEA60B90D /* Pods-18th_AppjamUITests.release.xcconfig */,
			);
			name = Pods;
			sourceTree = "<group>";
		};
		BE9F548F226B2290008EC417 = {
			isa = PBXGroup;
			children = (
				BE9F549A226B2290008EC417 /* 18th_Appjam */,
				BE9F54B2226B2293008EC417 /* 18th_AppjamTests */,
				BE9F54BD226B2293008EC417 /* 18th_AppjamUITests */,
				BE9F5499226B2290008EC417 /* Products */,
				65AB7EAC70DBD460B449B1BB /* Pods */,
				05350813F6FBBA9679B5CEAF /* Frameworks */,
			);
			sourceTree = "<group>";
		};
		BE9F5499226B2290008EC417 /* Products */ = {
			isa = PBXGroup;
			children = (
				BE9F5498226B2290008EC417 /* 18th_Appjam.app */,
				BE9F54AF226B2293008EC417 /* 18th_AppjamTests.xctest */,
				BE9F54BA226B2293008EC417 /* 18th_AppjamUITests.xctest */,
			);
			name = Products;
			sourceTree = "<group>";
		};
		BE9F549A226B2290008EC417 /* 18th_Appjam */ = {
			isa = PBXGroup;
			children = (
				BE9F549B226B2290008EC417 /* AppDelegate.swift */,
				BE9F549F226B2290008EC417 /* Main.storyboard */,
				BE9F54A5226B2293008EC417 /* Assets.xcassets */,
				BE9F54A7226B2293008EC417 /* LaunchScreen.storyboard */,
				BE9F54AA226B2293008EC417 /* Info.plist */,
				BE9F54A2226B2290008EC417 /* _8th_Appjam.xcdatamodeld */,
				BE9F54CE226B3C2D008EC417 /* WelcomeViewController.swift */,
				BE9F549D226B2290008EC417 /* LoginViewController.swift */,
				BE9F54CC226B3BBF008EC417 /* RegisterViewController.swift */,
				BE9F54D0226B3CD8008EC417 /* CertifiedViewController.swift */,
				BE9F54D2226B3DB4008EC417 /* InterestViewController.swift */,
				BE823D6E226B6AB500DF9D1B /* AccountTable.swift */,
			);
			path = 18th_Appjam;
			sourceTree = "<group>";
		};
		BE9F54B2226B2293008EC417 /* 18th_AppjamTests */ = {
			isa = PBXGroup;
			children = (
				BE9F54B3226B2293008EC417 /* _8th_AppjamTests.swift */,
				BE9F54B5226B2293008EC417 /* Info.plist */,
			);
			path = 18th_AppjamTests;
			sourceTree = "<group>";
		};
		BE9F54BD226B2293008EC417 /* 18th_AppjamUITests */ = {
			isa = PBXGroup;
			children = (
				BE9F54BE226B2293008EC417 /* _8th_AppjamUITests.swift */,
				BE9F54C0226B2293008EC417 /* Info.plist */,
			);
			path = 18th_AppjamUITests;
			sourceTree = "<group>";
		};
/* End PBXGroup section */

/* Begin PBXNativeTarget section */
		BE9F5497226B2290008EC417 /* 18th_Appjam */ = {
			isa = PBXNativeTarget;
			buildConfigurationList = BE9F54C3226B2293008EC417 /* Build configuration list for PBXNativeTarget "18th_Appjam" */;
			buildPhases = (
				CE593AEC6A158F29D19428FB /* [CP] Check Pods Manifest.lock */,
				BE9F5494226B2290008EC417 /* Sources */,
				BE9F5495226B2290008EC417 /* Frameworks */,
				BE9F5496226B2290008EC417 /* Resources */,
				6BB8FD1C979E83D2CB01CE62 /* [CP] Embed Pods Frameworks */,
			);
			buildRules = (
			);
			dependencies = (
			);
			name = 18th_Appjam;
			productName = 18th_Appjam;
			productReference = BE9F5498226B2290008EC417 /* 18th_Appjam.app */;
			productType = "com.apple.product-type.application";
		};
		BE9F54AE226B2293008EC417 /* 18th_AppjamTests */ = {
			isa = PBXNativeTarget;
			buildConfigurationList = BE9F54C6226B2293008EC417 /* Build configuration list for PBXNativeTarget "18th_AppjamTests" */;
			buildPhases = (
				08E54718ABDE01511C0248BD /* [CP] Check Pods Manifest.lock */,
				BE9F54AB226B2293008EC417 /* Sources */,
				BE9F54AC226B2293008EC417 /* Frameworks */,
				BE9F54AD226B2293008EC417 /* Resources */,
			);
			buildRules = (
			);
			dependencies = (
				BE9F54B1226B2293008EC417 /* PBXTargetDependency */,
			);
			name = 18th_AppjamTests;
			productName = 18th_AppjamTests;
			productReference = BE9F54AF226B2293008EC417 /* 18th_AppjamTests.xctest */;
			productType = "com.apple.product-type.bundle.unit-test";
		};
		BE9F54B9226B2293008EC417 /* 18th_AppjamUITests */ = {
			isa = PBXNativeTarget;
			buildConfigurationList = BE9F54C9226B2293008EC417 /* Build configuration list for PBXNativeTarget "18th_AppjamUITests" */;
			buildPhases = (
				937FE0BD541B3DBD105F89F8 /* [CP] Check Pods Manifest.lock */,
				BE9F54B6226B2293008EC417 /* Sources */,
				BE9F54B7226B2293008EC417 /* Frameworks */,
				BE9F54B8226B2293008EC417 /* Resources */,
			);
			buildRules = (
			);
			dependencies = (
				BE9F54BC226B2293008EC417 /* PBXTargetDependency */,
			);
			name = 18th_AppjamUITests;
			productName = 18th_AppjamUITests;
			productReference = BE9F54BA226B2293008EC417 /* 18th_AppjamUITests.xctest */;
			productType = "com.apple.product-type.bundle.ui-testing";
		};
/* End PBXNativeTarget section */

/* Begin PBXProject section */
		BE9F5490226B2290008EC417 /* Project object */ = {
			isa = PBXProject;
			attributes = {
				LastSwiftUpdateCheck = 1020;
				LastUpgradeCheck = 1020;
				ORGANIZATIONNAME = KM_TM;
				TargetAttributes = {
					BE9F5497226B2290008EC417 = {
						CreatedOnToolsVersion = 10.2.1;
					};
					BE9F54AE226B2293008EC417 = {
						CreatedOnToolsVersion = 10.2.1;
						TestTargetID = BE9F5497226B2290008EC417;
					};
					BE9F54B9226B2293008EC417 = {
						CreatedOnToolsVersion = 10.2.1;
						TestTargetID = BE9F5497226B2290008EC417;
					};
				};
			};
			buildConfigurationList = BE9F5493226B2290008EC417 /* Build configuration list for PBXProject "18th_Appjam" */;
			compatibilityVersion = "Xcode 9.3";
			developmentRegion = en;
			hasScannedForEncodings = 0;
			knownRegions = (
				en,
				Base,
			);
			mainGroup = BE9F548F226B2290008EC417;
			productRefGroup = BE9F5499226B2290008EC417 /* Products */;
			projectDirPath = "";
			projectRoot = "";
			targets = (
				BE9F5497226B2290008EC417 /* 18th_Appjam */,
				BE9F54AE226B2293008EC417 /* 18th_AppjamTests */,
				BE9F54B9226B2293008EC417 /* 18th_AppjamUITests */,
			);
		};
/* End PBXProject section */

/* Begin PBXResourcesBuildPhase section */
		BE9F5496226B2290008EC417 /* Resources */ = {
			isa = PBXResourcesBuildPhase;
			buildActionMask = 2147483647;
			files = (
				BE9F54A9226B2293008EC417 /* LaunchScreen.storyboard in Resources */,
				BE9F54A6226B2293008EC417 /* Assets.xcassets in Resources */,
				BE9F54A1226B2290008EC417 /* Main.storyboard in Resources */,
			);
			runOnlyForDeploymentPostprocessing = 0;
		};
		BE9F54AD226B2293008EC417 /* Resources */ = {
			isa = PBXResourcesBuildPhase;
			buildActionMask = 2147483647;
			files = (
			);
			runOnlyForDeploymentPostprocessing = 0;
		};
		BE9F54B8226B2293008EC417 /* Resources */ = {
			isa = PBXResourcesBuildPhase;
			buildActionMask = 2147483647;
			files = (
			);
			runOnlyForDeploymentPostprocessing = 0;
		};
/* End PBXResourcesBuildPhase section */

/* Begin PBXShellScriptBuildPhase section */
		08E54718ABDE01511C0248BD /* [CP] Check Pods Manifest.lock */ = {
			isa = PBXShellScriptBuildPhase;
			buildActionMask = 2147483647;
			files = (
			);
			inputFileListPaths = (
			);
			inputPaths = (
				"${PODS_PODFILE_DIR_PATH}/Podfile.lock",
				"${PODS_ROOT}/Manifest.lock",
			);
			name = "[CP] Check Pods Manifest.lock";
			outputFileListPaths = (
			);
			outputPaths = (
				"$(DERIVED_FILE_DIR)/Pods-18th_AppjamTests-checkManifestLockResult.txt",
			);
			runOnlyForDeploymentPostprocessing = 0;
			shellPath = /bin/sh;
			shellScript = "diff \"${PODS_PODFILE_DIR_PATH}/Podfile.lock\" \"${PODS_ROOT}/Manifest.lock\" > /dev/null\nif [ $? != 0 ] ; then\n    # print error to STDERR\n    echo \"error: The sandbox is not in sync with the Podfile.lock. Run 'pod install' or update your CocoaPods installation.\" >&2\n    exit 1\nfi\n# This output is used by Xcode 'outputs' to avoid re-running this script phase.\necho \"SUCCESS\" > \"${SCRIPT_OUTPUT_FILE_0}\"\n";
			showEnvVarsInLog = 0;
		};
		6BB8FD1C979E83D2CB01CE62 /* [CP] Embed Pods Frameworks */ = {
			isa = PBXShellScriptBuildPhase;
			buildActionMask = 2147483647;
			files = (
			);
			inputFileListPaths = (
			);
			inputPaths = (
				"${SRCROOT}/Pods/Target Support Files/Pods-18th_Appjam/Pods-18th_Appjam-frameworks.sh",
				"${BUILT_PRODUCTS_DIR}/Alamofire/Alamofire.framework",
				"${BUILT_PRODUCTS_DIR}/SnapKit/SnapKit.framework",
				"${BUILT_PRODUCTS_DIR}/SwiftyJSON/SwiftyJSON.framework",
				"${BUILT_PRODUCTS_DIR}/Toast-Swift/Toast_Swift.framework",
				"${BUILT_PRODUCTS_DIR}/UIColor_Hex_Swift/UIColor_Hex_Swift.framework",
			);
			name = "[CP] Embed Pods Frameworks";
			outputFileListPaths = (
			);
			outputPaths = (
				"${TARGET_BUILD_DIR}/${FRAMEWORKS_FOLDER_PATH}/Alamofire.framework",
				"${TARGET_BUILD_DIR}/${FRAMEWORKS_FOLDER_PATH}/SnapKit.framework",
				"${TARGET_BUILD_DIR}/${FRAMEWORKS_FOLDER_PATH}/SwiftyJSON.framework",
				"${TARGET_BUILD_DIR}/${FRAMEWORKS_FOLDER_PATH}/Toast_Swift.framework",
				"${TARGET_BUILD_DIR}/${FRAMEWORKS_FOLDER_PATH}/UIColor_Hex_Swift.framework",
			);
			runOnlyForDeploymentPostprocessing = 0;
			shellPath = /bin/sh;
			shellScript = "\"${SRCROOT}/Pods/Target Support Files/Pods-18th_Appjam/Pods-18th_Appjam-frameworks.sh\"\n";
			showEnvVarsInLog = 0;
		};
		937FE0BD541B3DBD105F89F8 /* [CP] Check Pods Manifest.lock */ = {
			isa = PBXShellScriptBuildPhase;
			buildActionMask = 2147483647;
			files = (
			);
			inputFileListPaths = (
			);
			inputPaths = (
				"${PODS_PODFILE_DIR_PATH}/Podfile.lock",
				"${PODS_ROOT}/Manifest.lock",
			);
			name = "[CP] Check Pods Manifest.lock";
			outputFileListPaths = (
			);
			outputPaths = (
				"$(DERIVED_FILE_DIR)/Pods-18th_AppjamUITests-checkManifestLockResult.txt",
			);
			runOnlyForDeploymentPostprocessing = 0;
			shellPath = /bin/sh;
			shellScript = "diff \"${PODS_PODFILE_DIR_PATH}/Podfile.lock\" \"${PODS_ROOT}/Manifest.lock\" > /dev/null\nif [ $? != 0 ] ; then\n    # print error to STDERR\n    echo \"error: The sandbox is not in sync with the Podfile.lock. Run 'pod install' or update your CocoaPods installation.\" >&2\n    exit 1\nfi\n# This output is used by Xcode 'outputs' to avoid re-running this script phase.\necho \"SUCCESS\" > \"${SCRIPT_OUTPUT_FILE_0}\"\n";
			showEnvVarsInLog = 0;
		};
		CE593AEC6A158F29D19428FB /* [CP] Check Pods Manifest.lock */ = {
			isa = PBXShellScriptBuildPhase;
			buildActionMask = 2147483647;
			files = (
			);
			inputFileListPaths = (
			);
			inputPaths = (
				"${PODS_PODFILE_DIR_PATH}/Podfile.lock",
				"${PODS_ROOT}/Manifest.lock",
			);
			name = "[CP] Check Pods Manifest.lock";
			outputFileListPaths = (
			);
			outputPaths = (
				"$(DERIVED_FILE_DIR)/Pods-18th_Appjam-checkManifestLockResult.txt",
			);
			runOnlyForDeploymentPostprocessing = 0;
			shellPath = /bin/sh;
			shellScript = "diff \"${PODS_PODFILE_DIR_PATH}/Podfile.lock\" \"${PODS_ROOT}/Manifest.lock\" > /dev/null\nif [ $? != 0 ] ; then\n    # print error to STDERR\n    echo \"error: The sandbox is not in sync with the Podfile.lock. Run 'pod install' or update your CocoaPods installation.\" >&2\n    exit 1\nfi\n# This output is used by Xcode 'outputs' to avoid re-running this script phase.\necho \"SUCCESS\" > \"${SCRIPT_OUTPUT_FILE_0}\"\n";
			showEnvVarsInLog = 0;
		};
/* End PBXShellScriptBuildPhase section */

/* Begin PBXSourcesBuildPhase section */
		BE9F5494226B2290008EC417 /* Sources */ = {
			isa = PBXSourcesBuildPhase;
			buildActionMask = 2147483647;
			files = (
				BE9F549E226B2290008EC417 /* LoginViewController.swift in Sources */,
				BE9F54CF226B3C2D008EC417 /* WelcomeViewController.swift in Sources */,
				BE823D6F226B6AB500DF9D1B /* AccountTable.swift in Sources */,
				BE9F549C226B2290008EC417 /* AppDelegate.swift in Sources */,
				BE9F54A4226B2290008EC417 /* _8th_Appjam.xcdatamodeld in Sources */,
				BE9F54D3226B3DB4008EC417 /* InterestViewController.swift in Sources */,
				BE9F54D1226B3CD8008EC417 /* CertifiedViewController.swift in Sources */,
				BE9F54CD226B3BBF008EC417 /* RegisterViewController.swift in Sources */,
			);
			runOnlyForDeploymentPostprocessing = 0;
		};
		BE9F54AB226B2293008EC417 /* Sources */ = {
			isa = PBXSourcesBuildPhase;
			buildActionMask = 2147483647;
			files = (
				BE9F54B4226B2293008EC417 /* _8th_AppjamTests.swift in Sources */,
			);
			runOnlyForDeploymentPostprocessing = 0;
		};
		BE9F54B6226B2293008EC417 /* Sources */ = {
			isa = PBXSourcesBuildPhase;
			buildActionMask = 2147483647;
			files = (
				BE9F54BF226B2293008EC417 /* _8th_AppjamUITests.swift in Sources */,
			);
			runOnlyForDeploymentPostprocessing = 0;
		};
/* End PBXSourcesBuildPhase section */

/* Begin PBXTargetDependency section */
		BE9F54B1226B2293008EC417 /* PBXTargetDependency */ = {
			isa = PBXTargetDependency;
			target = BE9F5497226B2290008EC417 /* 18th_Appjam */;
			targetProxy = BE9F54B0226B2293008EC417 /* PBXContainerItemProxy */;
		};
		BE9F54BC226B2293008EC417 /* PBXTargetDependency */ = {
			isa = PBXTargetDependency;
			target = BE9F5497226B2290008EC417 /* 18th_Appjam */;
			targetProxy = BE9F54BB226B2293008EC417 /* PBXContainerItemProxy */;
		};
/* End PBXTargetDependency section */

/* Begin PBXVariantGroup section */
		BE9F549F226B2290008EC417 /* Main.storyboard */ = {
			isa = PBXVariantGroup;
			children = (
				BE9F54A0226B2290008EC417 /* Base */,
			);
			name = Main.storyboard;
			sourceTree = "<group>";
		};
		BE9F54A7226B2293008EC417 /* LaunchScreen.storyboard */ = {
			isa = PBXVariantGroup;
			children = (
				BE9F54A8226B2293008EC417 /* Base */,
			);
			name = LaunchScreen.storyboard;
			sourceTree = "<group>";
		};
/* End PBXVariantGroup section */

/* Begin XCBuildConfiguration section */
		BE9F54C1226B2293008EC417 /* Debug */ = {
			isa = XCBuildConfiguration;
			buildSettings = {
				ALWAYS_SEARCH_USER_PATHS = NO;
				CLANG_ANALYZER_NONNULL = YES;
				CLANG_ANALYZER_NUMBER_OBJECT_CONVERSION = YES_AGGRESSIVE;
				CLANG_CXX_LANGUAGE_STANDARD = "gnu++14";
				CLANG_CXX_LIBRARY = "libc++";
				CLANG_ENABLE_MODULES = YES;
				CLANG_ENABLE_OBJC_ARC = YES;
				CLANG_ENABLE_OBJC_WEAK = YES;
				CLANG_WARN_BLOCK_CAPTURE_AUTORELEASING = YES;
				CLANG_WARN_BOOL_CONVERSION = YES;
				CLANG_WARN_COMMA = YES;
				CLANG_WARN_CONSTANT_CONVERSION = YES;
				CLANG_WARN_DEPRECATED_OBJC_IMPLEMENTATIONS = YES;
				CLANG_WARN_DIRECT_OBJC_ISA_USAGE = YES_ERROR;
				CLANG_WARN_DOCUMENTATION_COMMENTS = YES;
				CLANG_WARN_EMPTY_BODY = YES;
				CLANG_WARN_ENUM_CONVERSION = YES;
				CLANG_WARN_INFINITE_RECURSION = YES;
				CLANG_WARN_INT_CONVERSION = YES;
				CLANG_WARN_NON_LITERAL_NULL_CONVERSION = YES;
				CLANG_WARN_OBJC_IMPLICIT_RETAIN_SELF = YES;
				CLANG_WARN_OBJC_LITERAL_CONVERSION = YES;
				CLANG_WARN_OBJC_ROOT_CLASS = YES_ERROR;
				CLANG_WARN_RANGE_LOOP_ANALYSIS = YES;
				CLANG_WARN_STRICT_PROTOTYPES = YES;
				CLANG_WARN_SUSPICIOUS_MOVE = YES;
				CLANG_WARN_UNGUARDED_AVAILABILITY = YES_AGGRESSIVE;
				CLANG_WARN_UNREACHABLE_CODE = YES;
				CLANG_WARN__DUPLICATE_METHOD_MATCH = YES;
				CODE_SIGN_IDENTITY = "iPhone Developer";
				COPY_PHASE_STRIP = NO;
				DEBUG_INFORMATION_FORMAT = dwarf;
				ENABLE_STRICT_OBJC_MSGSEND = YES;
				ENABLE_TESTABILITY = YES;
				GCC_C_LANGUAGE_STANDARD = gnu11;
				GCC_DYNAMIC_NO_PIC = NO;
				GCC_NO_COMMON_BLOCKS = YES;
				GCC_OPTIMIZATION_LEVEL = 0;
				GCC_PREPROCESSOR_DEFINITIONS = (
					"DEBUG=1",
					"$(inherited)",
				);
				GCC_WARN_64_TO_32_BIT_CONVERSION = YES;
				GCC_WARN_ABOUT_RETURN_TYPE = YES_ERROR;
				GCC_WARN_UNDECLARED_SELECTOR = YES;
				GCC_WARN_UNINITIALIZED_AUTOS = YES_AGGRESSIVE;
				GCC_WARN_UNUSED_FUNCTION = YES;
				GCC_WARN_UNUSED_VARIABLE = YES;
				IPHONEOS_DEPLOYMENT_TARGET = 12.2;
				MTL_ENABLE_DEBUG_INFO = INCLUDE_SOURCE;
				MTL_FAST_MATH = YES;
				ONLY_ACTIVE_ARCH = YES;
				SDKROOT = iphoneos;
				SWIFT_ACTIVE_COMPILATION_CONDITIONS = DEBUG;
				SWIFT_OPTIMIZATION_LEVEL = "-Onone";
			};
			name = Debug;
		};
		BE9F54C2226B2293008EC417 /* Release */ = {
			isa = XCBuildConfiguration;
			buildSettings = {
				ALWAYS_SEARCH_USER_PATHS = NO;
				CLANG_ANALYZER_NONNULL = YES;
				CLANG_ANALYZER_NUMBER_OBJECT_CONVERSION = YES_AGGRESSIVE;
				CLANG_CXX_LANGUAGE_STANDARD = "gnu++14";
				CLANG_CXX_LIBRARY = "libc++";
				CLANG_ENABLE_MODULES = YES;
				CLANG_ENABLE_OBJC_ARC = YES;
				CLANG_ENABLE_OBJC_WEAK = YES;
				CLANG_WARN_BLOCK_CAPTURE_AUTORELEASING = YES;
				CLANG_WARN_BOOL_CONVERSION = YES;
				CLANG_WARN_COMMA = YES;
				CLANG_WARN_CONSTANT_CONVERSION = YES;
				CLANG_WARN_DEPRECATED_OBJC_IMPLEMENTATIONS = YES;
				CLANG_WARN_DIRECT_OBJC_ISA_USAGE = YES_ERROR;
				CLANG_WARN_DOCUMENTATION_COMMENTS = YES;
				CLANG_WARN_EMPTY_BODY = YES;
				CLANG_WARN_ENUM_CONVERSION = YES;
				CLANG_WARN_INFINITE_RECURSION = YES;
				CLANG_WARN_INT_CONVERSION = YES;
				CLANG_WARN_NON_LITERAL_NULL_CONVERSION = YES;
				CLANG_WARN_OBJC_IMPLICIT_RETAIN_SELF = YES;
				CLANG_WARN_OBJC_LITERAL_CONVERSION = YES;
				CLANG_WARN_OBJC_ROOT_CLASS = YES_ERROR;
				CLANG_WARN_RANGE_LOOP_ANALYSIS = YES;
				CLANG_WARN_STRICT_PROTOTYPES = YES;
				CLANG_WARN_SUSPICIOUS_MOVE = YES;
				CLANG_WARN_UNGUARDED_AVAILABILITY = YES_AGGRESSIVE;
				CLANG_WARN_UNREACHABLE_CODE = YES;
				CLANG_WARN__DUPLICATE_METHOD_MATCH = YES;
				CODE_SIGN_IDENTITY = "iPhone Developer";
				COPY_PHASE_STRIP = NO;
				DEBUG_INFORMATION_FORMAT = "dwarf-with-dsym";
				ENABLE_NS_ASSERTIONS = NO;
				ENABLE_STRICT_OBJC_MSGSEND = YES;
				GCC_C_LANGUAGE_STANDARD = gnu11;
				GCC_NO_COMMON_BLOCKS = YES;
				GCC_WARN_64_TO_32_BIT_CONVERSION = YES;
				GCC_WARN_ABOUT_RETURN_TYPE = YES_ERROR;
				GCC_WARN_UNDECLARED_SELECTOR = YES;
				GCC_WARN_UNINITIALIZED_AUTOS = YES_AGGRESSIVE;
				GCC_WARN_UNUSED_FUNCTION = YES;
				GCC_WARN_UNUSED_VARIABLE = YES;
				IPHONEOS_DEPLOYMENT_TARGET = 12.2;
				MTL_ENABLE_DEBUG_INFO = NO;
				MTL_FAST_MATH = YES;
				SDKROOT = iphoneos;
				SWIFT_COMPILATION_MODE = wholemodule;
				SWIFT_OPTIMIZATION_LEVEL = "-O";
				VALIDATE_PRODUCT = YES;
			};
			name = Release;
		};
		BE9F54C4226B2293008EC417 /* Debug */ = {
			isa = XCBuildConfiguration;
			baseConfigurationReference = DE7EBA00AC961C8D2B6173A2 /* Pods-18th_Appjam.debug.xcconfig */;
			buildSettings = {
				ASSETCATALOG_COMPILER_APPICON_NAME = AppIcon;
				CODE_SIGN_STYLE = Automatic;
				DEVELOPMENT_TEAM = 2K7Q579PWP;
				INFOPLIST_FILE = 18th_Appjam/Info.plist;
				LD_RUNPATH_SEARCH_PATHS = (
					"$(inherited)",
					"@executable_path/Frameworks",
				);
				PRODUCT_BUNDLE_IDENTIFIER = "practice.-8th-Appjam";
				PRODUCT_NAME = "$(TARGET_NAME)";
				SWIFT_VERSION = 5.0;
				TARGETED_DEVICE_FAMILY = "1,2";
			};
			name = Debug;
		};
		BE9F54C5226B2293008EC417 /* Release */ = {
			isa = XCBuildConfiguration;
			baseConfigurationReference = F48AC3A77217511D7908F90F /* Pods-18th_Appjam.release.xcconfig */;
			buildSettings = {
				ASSETCATALOG_COMPILER_APPICON_NAME = AppIcon;
				CODE_SIGN_STYLE = Automatic;
				DEVELOPMENT_TEAM = 2K7Q579PWP;
				INFOPLIST_FILE = 18th_Appjam/Info.plist;
				LD_RUNPATH_SEARCH_PATHS = (
					"$(inherited)",
					"@executable_path/Frameworks",
				);
				PRODUCT_BUNDLE_IDENTIFIER = "practice.-8th-Appjam";
				PRODUCT_NAME = "$(TARGET_NAME)";
				SWIFT_VERSION = 5.0;
				TARGETED_DEVICE_FAMILY = "1,2";
			};
			name = Release;
		};
		BE9F54C7226B2293008EC417 /* Debug */ = {
			isa = XCBuildConfiguration;
			baseConfigurationReference = 4C6F85B30A122626D2EE53C1 /* Pods-18th_AppjamTests.debug.xcconfig */;
			buildSettings = {
				ALWAYS_EMBED_SWIFT_STANDARD_LIBRARIES = YES;
				BUNDLE_LOADER = "$(TEST_HOST)";
				CODE_SIGN_STYLE = Automatic;
				DEVELOPMENT_TEAM = 2K7Q579PWP;
				INFOPLIST_FILE = 18th_AppjamTests/Info.plist;
				LD_RUNPATH_SEARCH_PATHS = (
					"$(inherited)",
					"@executable_path/Frameworks",
					"@loader_path/Frameworks",
				);
				PRODUCT_BUNDLE_IDENTIFIER = "practice.-8th-AppjamTests";
				PRODUCT_NAME = "$(TARGET_NAME)";
				SWIFT_VERSION = 5.0;
				TARGETED_DEVICE_FAMILY = "1,2";
				TEST_HOST = "$(BUILT_PRODUCTS_DIR)/18th_Appjam.app/18th_Appjam";
			};
			name = Debug;
		};
		BE9F54C8226B2293008EC417 /* Release */ = {
			isa = XCBuildConfiguration;
			baseConfigurationReference = 57D90F83E1CF01A1A1F7671C /* Pods-18th_AppjamTests.release.xcconfig */;
			buildSettings = {
				ALWAYS_EMBED_SWIFT_STANDARD_LIBRARIES = YES;
				BUNDLE_LOADER = "$(TEST_HOST)";
				CODE_SIGN_STYLE = Automatic;
				DEVELOPMENT_TEAM = 2K7Q579PWP;
				INFOPLIST_FILE = 18th_AppjamTests/Info.plist;
				LD_RUNPATH_SEARCH_PATHS = (
					"$(inherited)",
					"@executable_path/Frameworks",
					"@loader_path/Frameworks",
				);
				PRODUCT_BUNDLE_IDENTIFIER = "practice.-8th-AppjamTests";
				PRODUCT_NAME = "$(TARGET_NAME)";
				SWIFT_VERSION = 5.0;
				TARGETED_DEVICE_FAMILY = "1,2";
				TEST_HOST = "$(BUILT_PRODUCTS_DIR)/18th_Appjam.app/18th_Appjam";
			};
			name = Release;
		};
		BE9F54CA226B2293008EC417 /* Debug */ = {
			isa = XCBuildConfiguration;
			baseConfigurationReference = F86F5E4875A7C08D0DACE777 /* Pods-18th_AppjamUITests.debug.xcconfig */;
			buildSettings = {
				ALWAYS_EMBED_SWIFT_STANDARD_LIBRARIES = YES;
				CODE_SIGN_STYLE = Automatic;
				DEVELOPMENT_TEAM = 2K7Q579PWP;
				INFOPLIST_FILE = 18th_AppjamUITests/Info.plist;
				LD_RUNPATH_SEARCH_PATHS = (
					"$(inherited)",
					"@executable_path/Frameworks",
					"@loader_path/Frameworks",
				);
				PRODUCT_BUNDLE_IDENTIFIER = "practice.-8th-AppjamUITests";
				PRODUCT_NAME = "$(TARGET_NAME)";
				SWIFT_VERSION = 5.0;
				TARGETED_DEVICE_FAMILY = "1,2";
				TEST_TARGET_NAME = 18th_Appjam;
			};
			name = Debug;
		};
		BE9F54CB226B2293008EC417 /* Release */ = {
			isa = XCBuildConfiguration;
			baseConfigurationReference = 648B149753D85DCEEA60B90D /* Pods-18th_AppjamUITests.release.xcconfig */;
			buildSettings = {
				ALWAYS_EMBED_SWIFT_STANDARD_LIBRARIES = YES;
				CODE_SIGN_STYLE = Automatic;
				DEVELOPMENT_TEAM = 2K7Q579PWP;
				INFOPLIST_FILE = 18th_AppjamUITests/Info.plist;
				LD_RUNPATH_SEARCH_PATHS = (
					"$(inherited)",
					"@executable_path/Frameworks",
					"@loader_path/Frameworks",
				);
				PRODUCT_BUNDLE_IDENTIFIER = "practice.-8th-AppjamUITests";
				PRODUCT_NAME = "$(TARGET_NAME)";
				SWIFT_VERSION = 5.0;
				TARGETED_DEVICE_FAMILY = "1,2";
				TEST_TARGET_NAME = 18th_Appjam;
			};
			name = Release;
		};
/* End XCBuildConfiguration section */

/* Begin XCConfigurationList section */
		BE9F5493226B2290008EC417 /* Build configuration list for PBXProject "18th_Appjam" */ = {
			isa = XCConfigurationList;
			buildConfigurations = (
				BE9F54C1226B2293008EC417 /* Debug */,
				BE9F54C2226B2293008EC417 /* Release */,
			);
			defaultConfigurationIsVisible = 0;
			defaultConfigurationName = Release;
		};
		BE9F54C3226B2293008EC417 /* Build configuration list for PBXNativeTarget "18th_Appjam" */ = {
			isa = XCConfigurationList;
			buildConfigurations = (
				BE9F54C4226B2293008EC417 /* Debug */,
				BE9F54C5226B2293008EC417 /* Release */,
			);
			defaultConfigurationIsVisible = 0;
			defaultConfigurationName = Release;
		};
		BE9F54C6226B2293008EC417 /* Build configuration list for PBXNativeTarget "18th_AppjamTests" */ = {
			isa = XCConfigurationList;
			buildConfigurations = (
				BE9F54C7226B2293008EC417 /* Debug */,
				BE9F54C8226B2293008EC417 /* Release */,
			);
			defaultConfigurationIsVisible = 0;
			defaultConfigurationName = Release;
		};
		BE9F54C9226B2293008EC417 /* Build configuration list for PBXNativeTarget "18th_AppjamUITests" */ = {
			isa = XCConfigurationList;
			buildConfigurations = (
				BE9F54CA226B2293008EC417 /* Debug */,
				BE9F54CB226B2293008EC417 /* Release */,
			);
			defaultConfigurationIsVisible = 0;
			defaultConfigurationName = Release;
		};
/* End XCConfigurationList section */

/* Begin XCVersionGroup section */
		BE9F54A2226B2290008EC417 /* _8th_Appjam.xcdatamodeld */ = {
			isa = XCVersionGroup;
			children = (
				BE9F54A3226B2290008EC417 /* _8th_Appjam.xcdatamodel */,
			);
			currentVersion = BE9F54A3226B2290008EC417 /* _8th_Appjam.xcdatamodel */;
			path = _8th_Appjam.xcdatamodeld;
			sourceTree = "<group>";
			versionGroupType = wrapper.xcdatamodel;
		};
/* End XCVersionGroup section */
	};
	rootObject = BE9F5490226B2290008EC417 /* Project object */;
}
